
Microsoft Visual Studio Solution File, Format Version 12.00
# Visual Studio 15
VisualStudioVersion = 15.0.28307.106
MinimumVisualStudioVersion = 10.0.40219.1
Project("{FAE04EC0-301F-11D3-BF4B-00C04F79EFBC}") = "EjercicioFigura", "EjercicioFigura\EjercicioFigura.csproj", "{1A2FD203-6C20-47A4-B20F-AB72648F5FE4}"
EndProject
Global
	GlobalSection(SolutionConfigurationPlatforms) = preSolution
		Debug|Any CPU = Debug|Any CPU
		Release|Any CPU = Release|Any CPU
	EndGlobalSection
	GlobalSection(ProjectConfigurationPlatforms) = postSolution
		{1A2FD203-6C20-47A4-B20F-AB72648F5FE4}.Debug|Any CPU.ActiveCfg = Debug|Any CPU
		{1A2FD203-6C20-47A4-B20F-AB72648F5FE4}.Debug|Any CPU.Build.0 = Debug|Any CPU
		{1A2FD203-6C20-47A4-B20F-AB72648F5FE4}.Release|Any CPU.ActiveCfg = Release|Any CPU
		{1A2FD203-6C20-47A4-B20F-AB72648F5FE4}.Release|Any CPU.Build.0 = Release|Any CPU
	EndGlobalSection
	GlobalSection(SolutionProperties) = preSolution
		HideSolutionNode = FALSE
	EndGlobalSection
	GlobalSection(ExtensibilityGlobals) = postSolution
		SolutionGuid = {BCCA0EB7-072E-444A-82AE-8471FC0A0BB1}
	EndGlobalSection
EndGlobal
